dependencies:
  has-flag: 4.0.0
devDependencies:
  coffeescript: 2.4.1
  wch-coffee: 0.3.2
lockfileVersion: 5.1
packages:
  /@aleclarson/quest/0.9.0:
    dependencies:
      readable-stream: 2.3.6
    dev: true
    resolution:
      integrity: sha512-5H4/64usRi4yAx7lHav7nn592pUFFNZNp0XgnjBmPEausZU/EBk4XuVJGS4wofeaGPSwbfjX5n2Bk5RxCu1PBQ==
  /bl/1.2.2:
    dependencies:
      readable-stream: 2.3.6
      safe-buffer: 5.2.0
    dev: true
    resolution:
      integrity: sha512-e8tQYnZodmebYDWGH7KMRvtzKXaJHx3BbilrgZCfvyLUYdKpK1t5PSPmpkny/SgiTSCnjfLW7v5rlONXVFkQEA==
  /buffer-alloc-unsafe/1.1.0:
    dev: true
    resolution:
      integrity: sha512-TEM2iMIEQdJ2yjPJoSIsldnleVaAk1oW3DBVUykyOLsEsFmEc9kn+SFFPz+gl54KQNxlDnAwCXosOS9Okx2xAg==
  /buffer-alloc/1.2.0:
    dependencies:
      buffer-alloc-unsafe: 1.1.0
      buffer-fill: 1.0.0
    dev: true
    resolution:
      integrity: sha512-CFsHQgjtW1UChdXgbyJGtnm+O/uLQeZdtbDo8mfUgYXCHSM1wgrVxXm6bSyrUuErEb+4sYVGCzASBRot7zyrow==
  /buffer-fill/1.0.0:
    dev: true
    resolution:
      integrity: sha1-+PeLdniYiO858gXNY39o5wISKyw=
  /coffeescript/2.4.1:
    dev: true
    engines:
      node: '>=6'
    hasBin: true
    resolution:
      integrity: sha512-34GV1aHrsMpTaO3KfMJL40ZNuvKDR/g98THHnE9bQj8HjMaZvSrLik99WWqyMhRtbe8V5hpx5iLgdcSvM/S2wg==
  /core-util-is/1.0.2:
    dev: true
    resolution:
      integrity: sha1-tf1UIgqivFq1eqtxQMlAdUUDwac=
  /deep-extend/0.6.0:
    dev: true
    engines:
      node: '>=4.0.0'
    resolution:
      integrity: sha512-LOHxIOaPYdHlJRtCQfDIVZtfw/ufM8+rVj649RIHzcm/vGwQRXFt6OPqIFWsm2XEMrNIEtWR64sY1LEKD2vAOA==
  /end-of-stream/1.4.4:
    dependencies:
      once: 1.4.0
    dev: true
    resolution:
      integrity: sha512-+uw1inIHVPQoaVuHzRyXd21icM+cnt4CzD5rW+NC1wjOUSTOs+Te7FOv7AhN7vS9x/oIyhLP5PR1H+phQAHu5Q==
  /fs-constants/1.0.0:
    dev: true
    resolution:
      integrity: sha512-y6OAwoSIf7FyjMIv94u+b5rdheZEjzR63GTyZJm5qh4Bi+2YgwLCcI/fPFZkL5PSixOt6ZNKm+w+Hfp/Bciwow==
  /graceful-fs/4.2.2:
    dev: true
    resolution:
      integrity: sha512-IItsdsea19BoLC7ELy13q1iJFNmd7ofZH5+X/pJr90/nRoPEX0DJo1dHDbgtYWOhJhcCgMDTOw84RZ72q6lB+Q==
  /has-flag/4.0.0:
    dev: false
    engines:
      node: '>=8'
    resolution:
      integrity: sha512-EykJT/Q1KjTWctppgIAgfSO0tKVuZUjhgMr17kqTumMl6Afv3EISleU7qZUzoXDFTAHTDC4NOoG/ZxU3EvlMPQ==
  /inherits/2.0.4:
    dev: true
    resolution:
      integrity: sha512-k/vGaX4/Yla3WzyMCvTQOXYeIHvqOKtnqBduzTHpzpQZzAskKMhZ2K+EnBiSM9zGSoIFeMpXKxa4dYeZIQqewQ==
  /ini/1.3.5:
    dev: true
    resolution:
      integrity: sha512-RZY5huIKCMRWDUqZlEi72f/lmXKMvuszcMBduliQ3nnWbx9X/ZBQO7DijMEYS9EhHBb2qacRUMtC7svLwe0lcw==
  /isarray/1.0.0:
    dev: true
    resolution:
      integrity: sha1-u5NdSFgsuhaMBoNJV6VKPgcSTxE=
  /minimist/1.2.0:
    dev: true
    resolution:
      integrity: sha1-o1AIsg9BOD7sH7kU9M1d95omQoQ=
  /once/1.4.0:
    dependencies:
      wrappy: 1.0.2
    dev: true
    resolution:
      integrity: sha1-WDsap3WWHUsROsF9nFC6753Xa9E=
  /process-nextick-args/2.0.1:
    dev: true
    resolution:
      integrity: sha512-3ouUOpQhtgrbOa17J7+uxOTpITYWaGP7/AhoR3+A+/1e9skrzelGi/dXzEYyvbxubEF6Wn2ypscTKiKJFFn1ag==
  /rc/1.2.8:
    dependencies:
      deep-extend: 0.6.0
      ini: 1.3.5
      minimist: 1.2.0
      strip-json-comments: 2.0.1
    dev: true
    hasBin: true
    resolution:
      integrity: sha512-y3bGgqKj3QBdxLbLkomlohkvsA8gdAiUQlSBJnBhfn+BPxg4bc62d8TcBW15wavDfgexCgccckhcZvywyQYPOw==
  /readable-stream/2.3.6:
    dependencies:
      core-util-is: 1.0.2
      inherits: 2.0.4
      isarray: 1.0.0
      process-nextick-args: 2.0.1
      safe-buffer: 5.1.2
      string_decoder: 1.1.1
      util-deprecate: 1.0.2
    dev: true
    resolution:
      integrity: sha512-tQtKA9WIAhBF3+VLAseyMqZeBjW0AHJoxOtYqSUZNJxauErmLbVm2FW1y+J/YA9dUrAC39ITejlZWhVIwawkKw==
  /registry-auth-token/3.4.0:
    dependencies:
      rc: 1.2.8
      safe-buffer: 5.2.0
    dev: true
    resolution:
      integrity: sha512-4LM6Fw8eBQdwMYcES4yTnn2TqIasbXuwDx3um+QRs7S55aMKCBKBxvPXl2RiUjHwuJLTyYfxSpmfSAjQpcuP+A==
  /safe-buffer/5.1.2:
    dev: true
    resolution:
      integrity: sha512-Gd2UZBJDkXlY7GbJxfsE8/nvKkUEU1G38c1siN6QP6a9PT9MmHB8GnpscSmMJSoF8LOIrt8ud/wPtojys4G6+g==
  /safe-buffer/5.2.0:
    dev: true
    resolution:
      integrity: sha512-fZEwUGbVl7kouZs1jCdMLdt95hdIv0ZeHg6L7qPeciMZhZ+/gdesW4wgTARkrFWEpspjEATAzUGPG8N2jJiwbg==
  /saxon/0.1.15:
    dependencies:
      graceful-fs: 4.2.2
    dev: true
    resolution:
      integrity: sha512-xltyd5kHYv+x3E1odAxvFKfbMFdDHJZcASoh3RltTuFRgmg1WWzs6EjWB2SMIVx5XcDc6HUDpsNJPKdUmgQbQw==
  /semver/5.7.1:
    dev: true
    hasBin: true
    resolution:
      integrity: sha512-sauaDf/PZdVgrLTNYHRtpXa1iRiKcaebiKQ1BJdpQlWH2lCvexQdX55snPFyK7QzpudqbCI0qXFfOasHdyNDGQ==
  /string_decoder/1.1.1:
    dependencies:
      safe-buffer: 5.1.2
    dev: true
    resolution:
      integrity: sha512-n/ShnvDi6FHbbVfviro+WojiFzv+s8MPMHBczVePfUpDJLwoLT0ht1l4YwBCbi8pJAveEEdnkHyPyTP/mzRfwg==
  /strip-json-comments/2.0.1:
    dev: true
    engines:
      node: '>=0.10.0'
    resolution:
      integrity: sha1-PFMZQukIwml8DsNEhYwobHygpgo=
  /tar-install/0.1.1:
    dependencies:
      '@aleclarson/quest': 0.9.0
      saxon: 0.1.15
      tar-stream: 1.6.2
    dev: true
    resolution:
      integrity: sha512-VK0G/1OjZ1EwyavuXEzKI4+RM3jqQwW99aGOQeVN7n/wgoy5TPQVR974N2OuTlZytjReVW5a5uYVbHwlgnxBfw==
  /tar-stream/1.6.2:
    dependencies:
      bl: 1.2.2
      buffer-alloc: 1.2.0
      end-of-stream: 1.4.4
      fs-constants: 1.0.0
      readable-stream: 2.3.6
      to-buffer: 1.1.1
      xtend: 4.0.2
    dev: true
    engines:
      node: '>= 0.8.0'
    resolution:
      integrity: sha512-rzS0heiNf8Xn7/mpdSVVSMAWAoy9bfb1WOTYC78Z0UQKeKa/CWS8FOq0lKGNa8DWKAn9gxjCvMLYc5PGXYlK2A==
  /tar-url/0.0.2:
    dependencies:
      quest: github.com/aleclarson/quest/73e990a0ee2415c53674c548a9bc51cda67c448d
      registry-auth-token: 3.4.0
      semver: 5.7.1
    dev: true
    resolution:
      integrity: sha512-BS3T+9XrBj6DZV+cKnwgMgkbNeSeK4zhk1zzbtjFPR04ZZLwVaB/cPtSJ2nvU7PumodToxj1LAe03UwvFf0HYg==
  /to-buffer/1.1.1:
    dev: true
    resolution:
      integrity: sha512-lx9B5iv7msuFYE3dytT+KE5tap+rNYw+K4jVkb9R/asAb+pbBSM17jtunHplhBe6RRJdZx3Pn2Jph24O32mOVg==
  /util-deprecate/1.0.2:
    dev: true
    resolution:
      integrity: sha1-RQ1Nyfpw3nMnYvvS1KKJgUGaDM8=
  /wch-coffee/0.3.2:
    dependencies:
      fsx: github.com/aleclarson/fsx/3fdf4925c7fd2500bb6d794920be9af156b2cbce
      semver: 5.7.1
      tar-install: 0.1.1
      tar-url: 0.0.2
    dev: true
    peerDependencies:
      wch: ^0.10.0
    resolution:
      integrity: sha512-YiKNWtbm7Noeri4e8fR4usmOoWzKxja0aQnUr9LXUv6fsGSgYhY7gb5EyeOTnNycb8CnDkShd7oFGcjJ7BGuqA==
  /wrappy/1.0.2:
    dev: true
    resolution:
      integrity: sha1-tSQ9jz7BqjXxNkYFvA0QNuMKtp8=
  /xtend/4.0.2:
    dev: true
    engines:
      node: '>=0.4'
    resolution:
      integrity: sha512-LKYU1iAXJXUgAXn9URjiu+MWhyUXHsvfp7mcuYm9dSUKK0/CjtrUwFAxD82/mCWbtLsGjFIad0wIsod4zrTAEQ==
  github.com/aleclarson/fsx/3fdf4925c7fd2500bb6d794920be9af156b2cbce:
    dev: true
    name: fsx
    resolution:
      tarball: 'https://codeload.github.com/aleclarson/fsx/tar.gz/3fdf4925c7fd2500bb6d794920be9af156b2cbce'
    version: 1.7.0
  github.com/aleclarson/quest/73e990a0ee2415c53674c548a9bc51cda67c448d:
    dev: true
    name: quest
    resolution:
      tarball: 'https://codeload.github.com/aleclarson/quest/tar.gz/73e990a0ee2415c53674c548a9bc51cda67c448d'
    version: 0.6.1
specifiers:
  coffeescript: ^2.3.0
  has-flag: ^4.0.0
  wch-coffee: '*'
